
Microsoft Visual Studio Solution File, Format Version 12.00
# Visual Studio Version 17
VisualStudioVersion = 17.9.34622.214
MinimumVisualStudioVersion = 10.0.40219.1
Project("{FAE04EC0-301F-11D3-BF4B-00C04F79EFBC}") = "HPlusSportTDD.Core.Tests", "HPlusSportTDD.Core.Tests\HPlusSportTDD.Core.Tests.csproj", "{2877429D-DAC6-4189-97A2-3ABDCC4EC471}"
EndProject
Global
	GlobalSection(SolutionConfigurationPlatforms) = preSolution
		Debug|Any CPU = Debug|Any CPU
		Release|Any CPU = Release|Any CPU
	EndGlobalSection
	GlobalSection(ProjectConfigurationPlatforms) = postSolution
		{2877429D-DAC6-4189-97A2-3ABDCC4EC471}.Debug|Any CPU.ActiveCfg = Debug|Any CPU
		{2877429D-DAC6-4189-97A2-3ABDCC4EC471}.Debug|Any CPU.Build.0 = Debug|Any CPU
		{2877429D-DAC6-4189-97A2-3ABDCC4EC471}.Release|Any CPU.ActiveCfg = Release|Any CPU
		{2877429D-DAC6-4189-97A2-3ABDCC4EC471}.Release|Any CPU.Build.0 = Release|Any CPU
	EndGlobalSection
	GlobalSection(SolutionProperties) = preSolution
		HideSolutionNode = FALSE
	EndGlobalSection
	GlobalSection(ExtensibilityGlobals) = postSolution
		SolutionGuid = {EBACF54F-1A9F-4B23-9155-6761F09E126D}
	EndGlobalSection
EndGlobal
